
Microsoft Visual Studio Solution File, Format Version 12.00
# Visual Studio Version 16
VisualStudioVersion = 16.0.29519.87
MinimumVisualStudioVersion = 10.0.40219.1
Project("{FAE04EC0-301F-11D3-BF4B-00C04F79EFBC}") = "MadeInTheUSB.MCP2221.Console", "MadeInTheUSB.MCP2221.Console\MadeInTheUSB.MCP2221.Console.csproj", "{C442BC82-9F90-4070-AC6F-670D429DA171}"
EndProject
Project("{FAE04EC0-301F-11D3-BF4B-00C04F79EFBC}") = "MadeInTheUSB.MCP2221.Lib", "..\MadeInTheUSB.MCP2221.Lib\MadeInTheUSB.MCP2221.Lib.csproj", "{D6279C4E-262F-44E9-8FA4-54127A7C40DD}"
EndProject
Global
	GlobalSection(SolutionConfigurationPlatforms) = preSolution
		Debug|Any CPU = Debug|Any CPU
		Release|Any CPU = Release|Any CPU
	EndGlobalSection
	GlobalSection(ProjectConfigurationPlatforms) = postSolution
		{C442BC82-9F90-4070-AC6F-670D429DA171}.Debug|Any CPU.ActiveCfg = Debug|Any CPU
		{C442BC82-9F90-4070-AC6F-670D429DA171}.Debug|Any CPU.Build.0 = Debug|Any CPU
		{C442BC82-9F90-4070-AC6F-670D429DA171}.Release|Any CPU.ActiveCfg = Release|Any CPU
		{C442BC82-9F90-4070-AC6F-670D429DA171}.Release|Any CPU.Build.0 = Release|Any CPU
		{D6279C4E-262F-44E9-8FA4-54127A7C40DD}.Debug|Any CPU.ActiveCfg = Debug|Any CPU
		{D6279C4E-262F-44E9-8FA4-54127A7C40DD}.Debug|Any CPU.Build.0 = Debug|Any CPU
		{D6279C4E-262F-44E9-8FA4-54127A7C40DD}.Release|Any CPU.ActiveCfg = Release|Any CPU
		{D6279C4E-262F-44E9-8FA4-54127A7C40DD}.Release|Any CPU.Build.0 = Release|Any CPU
	EndGlobalSection
	GlobalSection(SolutionProperties) = preSolution
		HideSolutionNode = FALSE
	EndGlobalSection
	GlobalSection(ExtensibilityGlobals) = postSolution
		SolutionGuid = {D2DBD6EB-E9F0-4752-8912-1101788CE820}
	EndGlobalSection
EndGlobal
